
Microsoft Visual Studio Solution File, Format Version 12.00
# Visual Studio Version 17
VisualStudioVersion = 17.5.002.0
MinimumVisualStudioVersion = 10.0.40219.1
Project("{9A19103F-16F7-4668-BE54-9A1E7A4F7556}") = "Timberlands", "Timberlands.csproj", "{B79A4837-F7DF-4BFD-BDED-317E4898257B}"
EndProject
Global
	GlobalSection(SolutionConfigurationPlatforms) = preSolution
		Debug|Any CPU = Debug|Any CPU
		Release|Any CPU = Release|Any CPU
	EndGlobalSection
	GlobalSection(ProjectConfigurationPlatforms) = postSolution
		{B79A4837-F7DF-4BFD-BDED-317E4898257B}.Debug|Any CPU.ActiveCfg = Debug|Any CPU
		{B79A4837-F7DF-4BFD-BDED-317E4898257B}.Debug|Any CPU.Build.0 = Debug|Any CPU
		{B79A4837-F7DF-4BFD-BDED-317E4898257B}.Release|Any CPU.ActiveCfg = Release|Any CPU
		{B79A4837-F7DF-4BFD-BDED-317E4898257B}.Release|Any CPU.Build.0 = Release|Any CPU
	EndGlobalSection
	GlobalSection(SolutionProperties) = preSolution
		HideSolutionNode = FALSE
	EndGlobalSection
	GlobalSection(ExtensibilityGlobals) = postSolution
		SolutionGuid = {4D2D9F1F-EE56-4DC3-A225-7A156D6C2E2C}
	EndGlobalSection
EndGlobal
